
Microsoft Visual Studio Solution File, Format Version 12.00
# Visual Studio Version 17
VisualStudioVersion = 17.1.32421.90
MinimumVisualStudioVersion = 10.0.40219.1
Project("{FAE04EC0-301F-11D3-BF4B-00C04F79EFBC}") = "OsuMusicPlayer_UWP", "OsuMusicPlayer_UWP\OsuMusicPlayer_UWP.csproj", "{A05E4B2D-E12C-4714-88B2-A1C36CC88F9B}"
EndProject
Project("{FAE04EC0-301F-11D3-BF4B-00C04F79EFBC}") = "SQLite_Library", "SQLite_Library\SQLite_Library.csproj", "{31589B36-73CC-4A98-AD1B-67CB5A4DFB76}"
EndProject
Global
	GlobalSection(SolutionConfigurationPlatforms) = preSolution
		Debug|Any CPU = Debug|Any CPU
		Debug|ARM = Debug|ARM
		Debug|ARM64 = Debug|ARM64
		Debug|x64 = Debug|x64
		Debug|x86 = Debug|x86
		Release|Any CPU = Release|Any CPU
		Release|ARM = Release|ARM
		Release|ARM64 = Release|ARM64
		Release|x64 = Release|x64
		Release|x86 = Release|x86
	EndGlobalSection
	GlobalSection(ProjectConfigurationPlatforms) = postSolution
		{A05E4B2D-E12C-4714-88B2-A1C36CC88F9B}.Debug|Any CPU.ActiveCfg = Debug|x64
		{A05E4B2D-E12C-4714-88B2-A1C36CC88F9B}.Debug|Any CPU.Build.0 = Debug|x64
		{A05E4B2D-E12C-4714-88B2-A1C36CC88F9B}.Debug|Any CPU.Deploy.0 = Debug|x64
		{A05E4B2D-E12C-4714-88B2-A1C36CC88F9B}.Debug|ARM.ActiveCfg = Debug|ARM
		{A05E4B2D-E12C-4714-88B2-A1C36CC88F9B}.Debug|ARM.Build.0 = Debug|ARM
		{A05E4B2D-E12C-4714-88B2-A1C36CC88F9B}.Debug|ARM.Deploy.0 = Debug|ARM
		{A05E4B2D-E12C-4714-88B2-A1C36CC88F9B}.Debug|ARM64.ActiveCfg = Debug|ARM64
		{A05E4B2D-E12C-4714-88B2-A1C36CC88F9B}.Debug|ARM64.Build.0 = Debug|ARM64
		{A05E4B2D-E12C-4714-88B2-A1C36CC88F9B}.Debug|ARM64.Deploy.0 = Debug|ARM64
		{A05E4B2D-E12C-4714-88B2-A1C36CC88F9B}.Debug|x64.ActiveCfg = Debug|x64
		{A05E4B2D-E12C-4714-88B2-A1C36CC88F9B}.Debug|x64.Build.0 = Debug|x64
		{A05E4B2D-E12C-4714-88B2-A1C36CC88F9B}.Debug|x64.Deploy.0 = Debug|x64
		{A05E4B2D-E12C-4714-88B2-A1C36CC88F9B}.Debug|x86.ActiveCfg = Debug|x86
		{A05E4B2D-E12C-4714-88B2-A1C36CC88F9B}.Debug|x86.Build.0 = Debug|x86
		{A05E4B2D-E12C-4714-88B2-A1C36CC88F9B}.Debug|x86.Deploy.0 = Debug|x86
		{A05E4B2D-E12C-4714-88B2-A1C36CC88F9B}.Release|Any CPU.ActiveCfg = Release|x64
		{A05E4B2D-E12C-4714-88B2-A1C36CC88F9B}.Release|Any CPU.Build.0 = Release|x64
		{A05E4B2D-E12C-4714-88B2-A1C36CC88F9B}.Release|Any CPU.Deploy.0 = Release|x64
		{A05E4B2D-E12C-4714-88B2-A1C36CC88F9B}.Release|ARM.ActiveCfg = Release|ARM
		{A05E4B2D-E12C-4714-88B2-A1C36CC88F9B}.Release|ARM.Build.0 = Release|ARM
		{A05E4B2D-E12C-4714-88B2-A1C36CC88F9B}.Release|ARM.Deploy.0 = Release|ARM
		{A05E4B2D-E12C-4714-88B2-A1C36CC88F9B}.Release|ARM64.ActiveCfg = Release|ARM64
		{A05E4B2D-E12C-4714-88B2-A1C36CC88F9B}.Release|ARM64.Build.0 = Release|ARM64
		{A05E4B2D-E12C-4714-88B2-A1C36CC88F9B}.Release|ARM64.Deploy.0 = Release|ARM64
		{A05E4B2D-E12C-4714-88B2-A1C36CC88F9B}.Release|x64.ActiveCfg = Release|x64
		{A05E4B2D-E12C-4714-88B2-A1C36CC88F9B}.Release|x64.Build.0 = Release|x64
		{A05E4B2D-E12C-4714-88B2-A1C36CC88F9B}.Release|x64.Deploy.0 = Release|x64
		{A05E4B2D-E12C-4714-88B2-A1C36CC88F9B}.Release|x86.ActiveCfg = Release|x86
		{A05E4B2D-E12C-4714-88B2-A1C36CC88F9B}.Release|x86.Build.0 = Release|x86
		{A05E4B2D-E12C-4714-88B2-A1C36CC88F9B}.Release|x86.Deploy.0 = Release|x86
		{31589B36-73CC-4A98-AD1B-67CB5A4DFB76}.Debug|Any CPU.ActiveCfg = Debug|Any CPU
		{31589B36-73CC-4A98-AD1B-67CB5A4DFB76}.Debug|Any CPU.Build.0 = Debug|Any CPU
		{31589B36-73CC-4A98-AD1B-67CB5A4DFB76}.Debug|ARM.ActiveCfg = Debug|ARM
		{31589B36-73CC-4A98-AD1B-67CB5A4DFB76}.Debug|ARM.Build.0 = Debug|ARM
		{31589B36-73CC-4A98-AD1B-67CB5A4DFB76}.Debug|ARM64.ActiveCfg = Debug|ARM64
		{31589B36-73CC-4A98-AD1B-67CB5A4DFB76}.Debug|ARM64.Build.0 = Debug|ARM64
		{31589B36-73CC-4A98-AD1B-67CB5A4DFB76}.Debug|x64.ActiveCfg = Debug|x64
		{31589B36-73CC-4A98-AD1B-67CB5A4DFB76}.Debug|x64.Build.0 = Debug|x64
		{31589B36-73CC-4A98-AD1B-67CB5A4DFB76}.Debug|x86.ActiveCfg = Debug|x86
		{31589B36-73CC-4A98-AD1B-67CB5A4DFB76}.Debug|x86.Build.0 = Debug|x86
		{31589B36-73CC-4A98-AD1B-67CB5A4DFB76}.Release|Any CPU.ActiveCfg = Release|Any CPU
		{31589B36-73CC-4A98-AD1B-67CB5A4DFB76}.Release|Any CPU.Build.0 = Release|Any CPU
		{31589B36-73CC-4A98-AD1B-67CB5A4DFB76}.Release|ARM.ActiveCfg = Release|ARM
		{31589B36-73CC-4A98-AD1B-67CB5A4DFB76}.Release|ARM.Build.0 = Release|ARM
		{31589B36-73CC-4A98-AD1B-67CB5A4DFB76}.Release|ARM64.ActiveCfg = Release|ARM64
		{31589B36-73CC-4A98-AD1B-67CB5A4DFB76}.Release|ARM64.Build.0 = Release|ARM64
		{31589B36-73CC-4A98-AD1B-67CB5A4DFB76}.Release|x64.ActiveCfg = Release|x64
		{31589B36-73CC-4A98-AD1B-67CB5A4DFB76}.Release|x64.Build.0 = Release|x64
		{31589B36-73CC-4A98-AD1B-67CB5A4DFB76}.Release|x86.ActiveCfg = Release|x86
		{31589B36-73CC-4A98-AD1B-67CB5A4DFB76}.Release|x86.Build.0 = Release|x86
	EndGlobalSection
	GlobalSection(SolutionProperties) = preSolution
		HideSolutionNode = FALSE
	EndGlobalSection
	GlobalSection(ExtensibilityGlobals) = postSolution
		SolutionGuid = {44D7DCD6-AD25-422D-8062-A73D69DBAD8D}
	EndGlobalSection
EndGlobal
